{
  "object": {
    "pins": [
      {
        "package": "Raylib",
        "repositoryURL": "https://github.com/apahl/raylib-swift",
        "state": {
          "branch": "master",
          "revision": "bf1da0fee404ec2bdd302f8f8333363227d49255",
          "version": null
        }
      }
    ]
  },
  "version": 1
}
