{
  "object": {
    "pins": [
      {
        "package": "Raylib",
        "repositoryURL": "https://github.com/apahl/raylib-swift",
        "state": {
          "branch": "master",
          "revision": "a5acb95ae2b3da29d27bf9d3926ed0267f5c29a7",
          "version": null
        }
      }
    ]
  },
  "version": 1
}
